
Microsoft Visual Studio Solution File, Format Version 12.00
# Visual Studio Version 16
VisualStudioVersion = 16.0.29009.5
MinimumVisualStudioVersion = 10.0.40219.1
Project("{FAE04EC0-301F-11D3-BF4B-00C04F79EFBC}") = "Drag'n'Drop_Pautova", "Drag'n'Drop_Pautova\Drag'n'Drop_Pautova.csproj", "{9BABE9D9-B5E9-4273-A0F8-01C6DC1109B7}"
EndProject
Global
	GlobalSection(SolutionConfigurationPlatforms) = preSolution
		Debug|Any CPU = Debug|Any CPU
		Release|Any CPU = Release|Any CPU
	EndGlobalSection
	GlobalSection(ProjectConfigurationPlatforms) = postSolution
		{9BABE9D9-B5E9-4273-A0F8-01C6DC1109B7}.Debug|Any CPU.ActiveCfg = Debug|Any CPU
		{9BABE9D9-B5E9-4273-A0F8-01C6DC1109B7}.Debug|Any CPU.Build.0 = Debug|Any CPU
		{9BABE9D9-B5E9-4273-A0F8-01C6DC1109B7}.Release|Any CPU.ActiveCfg = Release|Any CPU
		{9BABE9D9-B5E9-4273-A0F8-01C6DC1109B7}.Release|Any CPU.Build.0 = Release|Any CPU
	EndGlobalSection
	GlobalSection(SolutionProperties) = preSolution
		HideSolutionNode = FALSE
	EndGlobalSection
	GlobalSection(ExtensibilityGlobals) = postSolution
		SolutionGuid = {92DAC1FA-57A0-498F-832C-37295FB3885D}
	EndGlobalSection
EndGlobal
